
Microsoft Visual Studio Solution File, Format Version 12.00
# Visual Studio Version 17
VisualStudioVersion = 17.0.31903.59
MinimumVisualStudioVersion = 10.0.40219.1
Project("{2150E333-8FDC-42A3-9474-1A3956D46DE8}") = "src", "src", "{4F3DB84D-C510-49F0-B62F-F94A5FCF71D8}"
EndProject
Project("{FAE04EC0-301F-11D3-BF4B-00C04F79EFBC}") = "EnchereService", "src\EnchereService\EnchereService.csproj", "{77AA9F60-44D3-43B3-BCD4-B390EA1F5F01}"
EndProject
Project("{FAE04EC0-301F-11D3-BF4B-00C04F79EFBC}") = "RechercheService", "src\RechercheService\RechercheService.csproj", "{888F187E-3EF8-402F-8440-4AFA3D0AF294}"
EndProject
Project("{FAE04EC0-301F-11D3-BF4B-00C04F79EFBC}") = "Contracts", "src\Contracts\Contracts.csproj", "{F93D666F-6ACE-45BF-B410-374A7D1DB900}"
EndProject
Project("{FAE04EC0-301F-11D3-BF4B-00C04F79EFBC}") = "IdentityService", "src\IdentityService\IdentityService.csproj", "{2F22143E-2B02-4939-B92D-3EEA97476394}"
EndProject
Project("{FAE04EC0-301F-11D3-BF4B-00C04F79EFBC}") = "GatewayService", "src\GatewayService\GatewayService.csproj", "{67306F42-F011-4909-A2ED-57AB68C97D6E}"
EndProject
Project("{FAE04EC0-301F-11D3-BF4B-00C04F79EFBC}") = "OffreService", "src\OffreService\OffreService.csproj", "{CDB32E1A-348F-484E-9A79-B48A7E865EF8}"
EndProject
Global
	GlobalSection(SolutionConfigurationPlatforms) = preSolution
		Debug|Any CPU = Debug|Any CPU
		Release|Any CPU = Release|Any CPU
	EndGlobalSection
	GlobalSection(SolutionProperties) = preSolution
		HideSolutionNode = FALSE
	EndGlobalSection
	GlobalSection(ProjectConfigurationPlatforms) = postSolution
		{77AA9F60-44D3-43B3-BCD4-B390EA1F5F01}.Debug|Any CPU.ActiveCfg = Debug|Any CPU
		{77AA9F60-44D3-43B3-BCD4-B390EA1F5F01}.Debug|Any CPU.Build.0 = Debug|Any CPU
		{77AA9F60-44D3-43B3-BCD4-B390EA1F5F01}.Release|Any CPU.ActiveCfg = Release|Any CPU
		{77AA9F60-44D3-43B3-BCD4-B390EA1F5F01}.Release|Any CPU.Build.0 = Release|Any CPU
		{888F187E-3EF8-402F-8440-4AFA3D0AF294}.Debug|Any CPU.ActiveCfg = Debug|Any CPU
		{888F187E-3EF8-402F-8440-4AFA3D0AF294}.Debug|Any CPU.Build.0 = Debug|Any CPU
		{888F187E-3EF8-402F-8440-4AFA3D0AF294}.Release|Any CPU.ActiveCfg = Release|Any CPU
		{888F187E-3EF8-402F-8440-4AFA3D0AF294}.Release|Any CPU.Build.0 = Release|Any CPU
		{F93D666F-6ACE-45BF-B410-374A7D1DB900}.Debug|Any CPU.ActiveCfg = Debug|Any CPU
		{F93D666F-6ACE-45BF-B410-374A7D1DB900}.Debug|Any CPU.Build.0 = Debug|Any CPU
		{F93D666F-6ACE-45BF-B410-374A7D1DB900}.Release|Any CPU.ActiveCfg = Release|Any CPU
		{F93D666F-6ACE-45BF-B410-374A7D1DB900}.Release|Any CPU.Build.0 = Release|Any CPU
		{2F22143E-2B02-4939-B92D-3EEA97476394}.Debug|Any CPU.ActiveCfg = Debug|Any CPU
		{2F22143E-2B02-4939-B92D-3EEA97476394}.Debug|Any CPU.Build.0 = Debug|Any CPU
		{2F22143E-2B02-4939-B92D-3EEA97476394}.Release|Any CPU.ActiveCfg = Release|Any CPU
		{2F22143E-2B02-4939-B92D-3EEA97476394}.Release|Any CPU.Build.0 = Release|Any CPU
		{67306F42-F011-4909-A2ED-57AB68C97D6E}.Debug|Any CPU.ActiveCfg = Debug|Any CPU
		{67306F42-F011-4909-A2ED-57AB68C97D6E}.Debug|Any CPU.Build.0 = Debug|Any CPU
		{67306F42-F011-4909-A2ED-57AB68C97D6E}.Release|Any CPU.ActiveCfg = Release|Any CPU
		{67306F42-F011-4909-A2ED-57AB68C97D6E}.Release|Any CPU.Build.0 = Release|Any CPU
		{CDB32E1A-348F-484E-9A79-B48A7E865EF8}.Debug|Any CPU.ActiveCfg = Debug|Any CPU
		{CDB32E1A-348F-484E-9A79-B48A7E865EF8}.Debug|Any CPU.Build.0 = Debug|Any CPU
		{CDB32E1A-348F-484E-9A79-B48A7E865EF8}.Release|Any CPU.ActiveCfg = Release|Any CPU
		{CDB32E1A-348F-484E-9A79-B48A7E865EF8}.Release|Any CPU.Build.0 = Release|Any CPU
	EndGlobalSection
	GlobalSection(NestedProjects) = preSolution
		{77AA9F60-44D3-43B3-BCD4-B390EA1F5F01} = {4F3DB84D-C510-49F0-B62F-F94A5FCF71D8}
		{888F187E-3EF8-402F-8440-4AFA3D0AF294} = {4F3DB84D-C510-49F0-B62F-F94A5FCF71D8}
		{F93D666F-6ACE-45BF-B410-374A7D1DB900} = {4F3DB84D-C510-49F0-B62F-F94A5FCF71D8}
		{2F22143E-2B02-4939-B92D-3EEA97476394} = {4F3DB84D-C510-49F0-B62F-F94A5FCF71D8}
		{67306F42-F011-4909-A2ED-57AB68C97D6E} = {4F3DB84D-C510-49F0-B62F-F94A5FCF71D8}
		{CDB32E1A-348F-484E-9A79-B48A7E865EF8} = {4F3DB84D-C510-49F0-B62F-F94A5FCF71D8}
	EndGlobalSection
EndGlobal
